
Microsoft Visual Studio Solution File, Format Version 12.00
# Visual Studio Version 16
VisualStudioVersion = 16.0.28803.452
MinimumVisualStudioVersion = 10.0.40219.1
Project("{FAE04EC0-301F-11D3-BF4B-00C04F79EFBC}") = "OS Projects 4 and 5", "OS Projects 4 and 5\OS Projects 4 and 5.csproj", "{6C3489A5-781B-40BD-8D39-AD273DED0A8D}"
EndProject
Global
	GlobalSection(SolutionConfigurationPlatforms) = preSolution
		Debug|Any CPU = Debug|Any CPU
		Release|Any CPU = Release|Any CPU
	EndGlobalSection
	GlobalSection(ProjectConfigurationPlatforms) = postSolution
		{6C3489A5-781B-40BD-8D39-AD273DED0A8D}.Debug|Any CPU.ActiveCfg = Debug|Any CPU
		{6C3489A5-781B-40BD-8D39-AD273DED0A8D}.Debug|Any CPU.Build.0 = Debug|Any CPU
		{6C3489A5-781B-40BD-8D39-AD273DED0A8D}.Release|Any CPU.ActiveCfg = Release|Any CPU
		{6C3489A5-781B-40BD-8D39-AD273DED0A8D}.Release|Any CPU.Build.0 = Release|Any CPU
	EndGlobalSection
	GlobalSection(SolutionProperties) = preSolution
		HideSolutionNode = FALSE
	EndGlobalSection
	GlobalSection(ExtensibilityGlobals) = postSolution
		SolutionGuid = {0C121EEC-BEB1-408E-B2B8-CBE22B2FD2E9}
	EndGlobalSection
EndGlobal
